
Microsoft Visual Studio Solution File, Format Version 12.00
# Visual Studio Version 16
VisualStudioVersion = 16.0.29905.134
MinimumVisualStudioVersion = 15.0.26124.0
Project("{9A19103F-16F7-4668-BE54-9A1E7A4F7556}") = "TicketTransferApi", "TicketTransferApi\TicketTransferApi.csproj", "{975914CD-E49D-4F78-8B85-D8A08C0B8194}"
EndProject
Project("{6EC3EE1D-3C4E-46DD-8F32-0CC8E7565705}") = "PubSubDemo", "PubSubDemo\PubSubDemo.fsproj", "{5B46CB3C-9306-45A9-9D01-A3E0E56DC236}"
EndProject
Project("{2150E333-8FDC-42A3-9474-1A3956D46DE8}") = "Solution Items", "Solution Items", "{6346F46B-B13D-4F3B-9DC4-D7BD4F20746B}"
	ProjectSection(SolutionItems) = preProject
		ReadME.md = ReadME.md
	EndProjectSection
EndProject
Global
	GlobalSection(SolutionConfigurationPlatforms) = preSolution
		Debug|Any CPU = Debug|Any CPU
		Debug|x64 = Debug|x64
		Debug|x86 = Debug|x86
		Release|Any CPU = Release|Any CPU
		Release|x64 = Release|x64
		Release|x86 = Release|x86
	EndGlobalSection
	GlobalSection(ProjectConfigurationPlatforms) = postSolution
		{975914CD-E49D-4F78-8B85-D8A08C0B8194}.Debug|Any CPU.ActiveCfg = Debug|Any CPU
		{975914CD-E49D-4F78-8B85-D8A08C0B8194}.Debug|Any CPU.Build.0 = Debug|Any CPU
		{975914CD-E49D-4F78-8B85-D8A08C0B8194}.Debug|x64.ActiveCfg = Debug|Any CPU
		{975914CD-E49D-4F78-8B85-D8A08C0B8194}.Debug|x64.Build.0 = Debug|Any CPU
		{975914CD-E49D-4F78-8B85-D8A08C0B8194}.Debug|x86.ActiveCfg = Debug|Any CPU
		{975914CD-E49D-4F78-8B85-D8A08C0B8194}.Debug|x86.Build.0 = Debug|Any CPU
		{975914CD-E49D-4F78-8B85-D8A08C0B8194}.Release|Any CPU.ActiveCfg = Release|Any CPU
		{975914CD-E49D-4F78-8B85-D8A08C0B8194}.Release|Any CPU.Build.0 = Release|Any CPU
		{975914CD-E49D-4F78-8B85-D8A08C0B8194}.Release|x64.ActiveCfg = Release|Any CPU
		{975914CD-E49D-4F78-8B85-D8A08C0B8194}.Release|x64.Build.0 = Release|Any CPU
		{975914CD-E49D-4F78-8B85-D8A08C0B8194}.Release|x86.ActiveCfg = Release|Any CPU
		{975914CD-E49D-4F78-8B85-D8A08C0B8194}.Release|x86.Build.0 = Release|Any CPU
		{5B46CB3C-9306-45A9-9D01-A3E0E56DC236}.Debug|Any CPU.ActiveCfg = Debug|Any CPU
		{5B46CB3C-9306-45A9-9D01-A3E0E56DC236}.Debug|Any CPU.Build.0 = Debug|Any CPU
		{5B46CB3C-9306-45A9-9D01-A3E0E56DC236}.Debug|x64.ActiveCfg = Debug|Any CPU
		{5B46CB3C-9306-45A9-9D01-A3E0E56DC236}.Debug|x64.Build.0 = Debug|Any CPU
		{5B46CB3C-9306-45A9-9D01-A3E0E56DC236}.Debug|x86.ActiveCfg = Debug|Any CPU
		{5B46CB3C-9306-45A9-9D01-A3E0E56DC236}.Debug|x86.Build.0 = Debug|Any CPU
		{5B46CB3C-9306-45A9-9D01-A3E0E56DC236}.Release|Any CPU.ActiveCfg = Release|Any CPU
		{5B46CB3C-9306-45A9-9D01-A3E0E56DC236}.Release|Any CPU.Build.0 = Release|Any CPU
		{5B46CB3C-9306-45A9-9D01-A3E0E56DC236}.Release|x64.ActiveCfg = Release|Any CPU
		{5B46CB3C-9306-45A9-9D01-A3E0E56DC236}.Release|x64.Build.0 = Release|Any CPU
		{5B46CB3C-9306-45A9-9D01-A3E0E56DC236}.Release|x86.ActiveCfg = Release|Any CPU
		{5B46CB3C-9306-45A9-9D01-A3E0E56DC236}.Release|x86.Build.0 = Release|Any CPU
	EndGlobalSection
	GlobalSection(SolutionProperties) = preSolution
		HideSolutionNode = FALSE
	EndGlobalSection
	GlobalSection(ExtensibilityGlobals) = postSolution
		SolutionGuid = {9EC52276-9893-45E4-B2C7-7B9D67B5790A}
	EndGlobalSection
EndGlobal
